
Microsoft Visual Studio Solution File, Format Version 12.00
# Visual Studio 15
VisualStudioVersion = 15.0.28307.168
MinimumVisualStudioVersion = 10.0.40219.1
Project("{FAE04EC0-301F-11D3-BF4B-00C04F79EFBC}") = "ScheduleManagementSystem", "ScheduleManagementSystem\ScheduleManagementSystem.csproj", "{AAF49516-2498-4525-9D81-731F725D3D53}"
EndProject
Project("{FAE04EC0-301F-11D3-BF4B-00C04F79EFBC}") = "ScheduleManagementSystem.DAL", "ScheduleManagementSystem.DAL\ScheduleManagementSystem.DAL.csproj", "{F3291354-0096-4D1E-A0D5-3A7E1D40E222}"
EndProject
Project("{FAE04EC0-301F-11D3-BF4B-00C04F79EFBC}") = "ScheduleManagementSystem.Helpers", "ScheduleManagementSystem.Helpers\ScheduleManagementSystem.Helpers.csproj", "{B5DB1886-BC71-40F9-A9AE-A35BBDFFB503}"
EndProject
Global
	GlobalSection(SolutionConfigurationPlatforms) = preSolution
		Debug|Any CPU = Debug|Any CPU
		Release|Any CPU = Release|Any CPU
	EndGlobalSection
	GlobalSection(ProjectConfigurationPlatforms) = postSolution
		{AAF49516-2498-4525-9D81-731F725D3D53}.Debug|Any CPU.ActiveCfg = Debug|Any CPU
		{AAF49516-2498-4525-9D81-731F725D3D53}.Debug|Any CPU.Build.0 = Debug|Any CPU
		{AAF49516-2498-4525-9D81-731F725D3D53}.Release|Any CPU.ActiveCfg = Release|Any CPU
		{AAF49516-2498-4525-9D81-731F725D3D53}.Release|Any CPU.Build.0 = Release|Any CPU
		{F3291354-0096-4D1E-A0D5-3A7E1D40E222}.Debug|Any CPU.ActiveCfg = Debug|Any CPU
		{F3291354-0096-4D1E-A0D5-3A7E1D40E222}.Debug|Any CPU.Build.0 = Debug|Any CPU
		{F3291354-0096-4D1E-A0D5-3A7E1D40E222}.Release|Any CPU.ActiveCfg = Release|Any CPU
		{F3291354-0096-4D1E-A0D5-3A7E1D40E222}.Release|Any CPU.Build.0 = Release|Any CPU
		{B5DB1886-BC71-40F9-A9AE-A35BBDFFB503}.Debug|Any CPU.ActiveCfg = Debug|Any CPU
		{B5DB1886-BC71-40F9-A9AE-A35BBDFFB503}.Debug|Any CPU.Build.0 = Debug|Any CPU
		{B5DB1886-BC71-40F9-A9AE-A35BBDFFB503}.Release|Any CPU.ActiveCfg = Release|Any CPU
		{B5DB1886-BC71-40F9-A9AE-A35BBDFFB503}.Release|Any CPU.Build.0 = Release|Any CPU
	EndGlobalSection
	GlobalSection(SolutionProperties) = preSolution
		HideSolutionNode = FALSE
	EndGlobalSection
	GlobalSection(ExtensibilityGlobals) = postSolution
		SolutionGuid = {00FB8A18-FD90-4712-B37A-1623485D385E}
	EndGlobalSection
EndGlobal
